
Microsoft Visual Studio Solution File, Format Version 12.00
# Visual Studio 15
VisualStudioVersion = 15.0.26430.6
MinimumVisualStudioVersion = 10.0.40219.1
Project("{9A19103F-16F7-4668-BE54-9A1E7A4F7556}") = "OpLab.API", "OpLab.API\OpLab.API.csproj", "{1D398D9E-2907-4A22-A420-58D7F5769686}"
EndProject
Project("{9A19103F-16F7-4668-BE54-9A1E7A4F7556}") = "OpLab.Web", "OpLab.Web\OpLab.Web.csproj", "{01520AAA-CC99-4B73-87C2-5CF6CC9C2F8D}"
EndProject
Project("{00D1A9C2-B5F0-4AF3-8072-F6C62B433612}") = "OpLab.Database", "OpLab.Database\OpLab.Database.sqlproj", "{D1E79D9E-C76C-4733-BD3F-7EE1EBE2CF20}"
EndProject
Global
	GlobalSection(SolutionConfigurationPlatforms) = preSolution
		Debug|Any CPU = Debug|Any CPU
		Release|Any CPU = Release|Any CPU
	EndGlobalSection
	GlobalSection(ProjectConfigurationPlatforms) = postSolution
		{1D398D9E-2907-4A22-A420-58D7F5769686}.Debug|Any CPU.ActiveCfg = Debug|Any CPU
		{1D398D9E-2907-4A22-A420-58D7F5769686}.Debug|Any CPU.Build.0 = Debug|Any CPU
		{1D398D9E-2907-4A22-A420-58D7F5769686}.Release|Any CPU.ActiveCfg = Release|Any CPU
		{1D398D9E-2907-4A22-A420-58D7F5769686}.Release|Any CPU.Build.0 = Release|Any CPU
		{01520AAA-CC99-4B73-87C2-5CF6CC9C2F8D}.Debug|Any CPU.ActiveCfg = Debug|Any CPU
		{01520AAA-CC99-4B73-87C2-5CF6CC9C2F8D}.Debug|Any CPU.Build.0 = Debug|Any CPU
		{01520AAA-CC99-4B73-87C2-5CF6CC9C2F8D}.Release|Any CPU.ActiveCfg = Release|Any CPU
		{01520AAA-CC99-4B73-87C2-5CF6CC9C2F8D}.Release|Any CPU.Build.0 = Release|Any CPU
		{D1E79D9E-C76C-4733-BD3F-7EE1EBE2CF20}.Debug|Any CPU.ActiveCfg = Debug|Any CPU
		{D1E79D9E-C76C-4733-BD3F-7EE1EBE2CF20}.Release|Any CPU.ActiveCfg = Release|Any CPU
		{D1E79D9E-C76C-4733-BD3F-7EE1EBE2CF20}.Release|Any CPU.Build.0 = Release|Any CPU
		{D1E79D9E-C76C-4733-BD3F-7EE1EBE2CF20}.Release|Any CPU.Deploy.0 = Release|Any CPU
	EndGlobalSection
	GlobalSection(SolutionProperties) = preSolution
		HideSolutionNode = FALSE
	EndGlobalSection
EndGlobal
